
Microsoft Visual Studio Solution File, Format Version 12.00
# Visual Studio Version 17
VisualStudioVersion = 17.10.35027.167
MinimumVisualStudioVersion = 10.0.40219.1
Project("{FAE04EC0-301F-11D3-BF4B-00C04F79EFBC}") = "Target-desafio", "Target-desafio.csproj", "{C6DD61D7-1BBF-4135-9CF4-DD252F0D6663}"
EndProject
Global
	GlobalSection(SolutionConfigurationPlatforms) = preSolution
		Debug|Any CPU = Debug|Any CPU
		Release|Any CPU = Release|Any CPU
	EndGlobalSection
	GlobalSection(ProjectConfigurationPlatforms) = postSolution
		{C6DD61D7-1BBF-4135-9CF4-DD252F0D6663}.Debug|Any CPU.ActiveCfg = Debug|Any CPU
		{C6DD61D7-1BBF-4135-9CF4-DD252F0D6663}.Debug|Any CPU.Build.0 = Debug|Any CPU
		{C6DD61D7-1BBF-4135-9CF4-DD252F0D6663}.Release|Any CPU.ActiveCfg = Release|Any CPU
		{C6DD61D7-1BBF-4135-9CF4-DD252F0D6663}.Release|Any CPU.Build.0 = Release|Any CPU
	EndGlobalSection
	GlobalSection(SolutionProperties) = preSolution
		HideSolutionNode = FALSE
	EndGlobalSection
	GlobalSection(ExtensibilityGlobals) = postSolution
		SolutionGuid = {6997F8B9-F201-4C07-B1E0-FDBF0D7F5A5E}
	EndGlobalSection
EndGlobal
